
Microsoft Visual Studio Solution File, Format Version 12.00
# Visual Studio Version 17
VisualStudioVersion = 17.0.31903.59
MinimumVisualStudioVersion = 10.0.40219.1
Project("{2150E333-8FDC-42A3-9474-1A3956D46DE8}") = "Solution Items", "Solution Items", "{54070250-5515-9BC9-9F8B-7A7FD885CBB0}"
EndProject
Project("{2150E333-8FDC-42A3-9474-1A3956D46DE8}") = "src", "src", "{A5381B1E-7D4F-4A82-8A39-18D802E38BE9}"
EndProject
Project("{2150E333-8FDC-42A3-9474-1A3956D46DE8}") = "Services", "Services", "{B0DCE3BD-FFFA-4C3E-A9B5-B0F6C6D89FE1}"
EndProject
Project("{2150E333-8FDC-42A3-9474-1A3956D46DE8}") = "Identity", "Identity", "{C8D9D4F3-B55C-4A42-A06E-B4B4E2D5C786}"
EndProject
Project("{FAE04EC0-301F-11D3-BF4B-00C04F79EFBC}") = "IdentityService.Api", "src\Services\Identity\IdentityService.Api\IdentityService.Api.csproj", "{1234A1B1-C1D1-4A42-A06E-B4B4E2D5C111}"
EndProject
Project("{FAE04EC0-301F-11D3-BF4B-00C04F79EFBC}") = "IdentityService.Application", "src\Services\Identity\IdentityService.Application\IdentityService.Application.csproj", "{1234A1B2-C1D1-4A42-A06E-B4B4E2D5C222}"
EndProject
Project("{FAE04EC0-301F-11D3-BF4B-00C04F79EFBC}") = "IdentityService.Domain", "src\Services\Identity\IdentityService.Domain\IdentityService.Domain.csproj", "{1234A1B3-C1D1-4A42-A06E-B4B4E2D5C333}"
EndProject
Project("{FAE04EC0-301F-11D3-BF4B-00C04F79EFBC}") = "IdentityService.Persistence", "src\Services\Identity\IdentityService.Persistence\IdentityService.Persistence.csproj", "{1234A1B4-C1D1-4A42-A06E-B4B4E2D5C444}"
EndProject
Project("{2150E333-8FDC-42A3-9474-1A3956D46DE8}") = "Shared", "Shared", "{285E936A-EF9C-D8EC-0E39-04B5D2ADD723}"
EndProject
Project("{2150E333-8FDC-42A3-9474-1A3956D46DE8}") = "API", "API", "{02EA681E-C7D8-13C7-8484-4AC65E1B71E8}"
EndProject
Project("{2150E333-8FDC-42A3-9474-1A3956D46DE8}") = "Core", "Core", "{E4C4D1B0-E10F-46F9-B9D5-95E957A89EE7}"
EndProject
Project("{2150E333-8FDC-42A3-9474-1A3956D46DE8}") = "Infrastructure", "Infrastructure", "{263B24B2-06C3-4308-9CA0-E93C9B3EA33D}"
EndProject
Project("{FAE04EC0-301F-11D3-BF4B-00C04F79EFBC}") = "Shared.Logging", "src\Shared\Shared.Logging\Shared.Logging.csproj", "{D5870D75-E29C-4CC5-A358-94471E70DE33}"
EndProject
Project("{FAE04EC0-301F-11D3-BF4B-00C04F79EFBC}") = "Shared.Common", "src\Shared\Shared.Common\Shared.Common.csproj", "{ADA11A31-5049-499C-BE76-B149493010B4}"
EndProject
Project("{FAE04EC0-301F-11D3-BF4B-00C04F79EFBC}") = "Shared.Auditing", "src\Shared\Shared.Auditing\Shared.Auditing.csproj", "{9F920FED-618A-47FC-8135-AD9B230EA279}"
EndProject
Project("{2150E333-8FDC-42A3-9474-1A3956D46DE8}") = "ApiGateways", "ApiGateways", "{F7B07781-3C28-4421-B14F-5BE8E3E2A454}"
EndProject
Project("{FAE04EC0-301F-11D3-BF4B-00C04F79EFBC}") = "YarpApiGateway", "src\ApiGateways\YarpApiGateway\YarpApiGateway.csproj", "{238BFE3E-EEF0-492F-B48E-D8C9A53784C0}"
EndProject
Project("{FAE04EC0-301F-11D3-BF4B-00C04F79EFBC}") = "Shared.Messaging", "src\Shared\Shared.Messaging\Shared.Messaging.csproj", "{C8A53CE7-40C4-409D-B6C0-DB2DF2168E52}"
EndProject
Project("{2150E333-8FDC-42A3-9474-1A3956D46DE8}") = "Appointment", "Appointment", "{34024C75-2D5E-3988-2ECD-2390CC7DD801}"
EndProject
Project("{FAE04EC0-301F-11D3-BF4B-00C04F79EFBC}") = "AppointmentService.Api", "src\Services\Appointment\AppointmentService.Api\AppointmentService.Api.csproj", "{D9A83A8A-583D-4B0D-AB2C-9B37F71B8243}"
EndProject
Project("{FAE04EC0-301F-11D3-BF4B-00C04F79EFBC}") = "AppointmentService.Application", "src\Services\Appointment\AppointmentService.Application\AppointmentService.Application.csproj", "{A00FF84E-D1F3-4524-8899-27AD3AE3E275}"
EndProject
Project("{FAE04EC0-301F-11D3-BF4B-00C04F79EFBC}") = "AppointmentService.Domain", "src\Services\Appointment\AppointmentService.Domain\AppointmentService.Domain.csproj", "{7B35B9B2-29EE-428B-8CE3-60FD5936D00E}"
EndProject
Project("{FAE04EC0-301F-11D3-BF4B-00C04F79EFBC}") = "AppointmentService.Persistence", "src\Services\Appointment\AppointmentService.Persistence\AppointmentService.Persistence.csproj", "{9EC7D627-884B-469F-89F2-912176A96629}"
EndProject
Project("{2150E333-8FDC-42A3-9474-1A3956D46DE8}") = "Core", "Core", "{61FFC484-1917-42FF-8969-B35C9983A219}"
EndProject
Project("{2150E333-8FDC-42A3-9474-1A3956D46DE8}") = "API", "API", "{728D47E8-46E3-4002-BFB9-7F0B12710DA0}"
EndProject
Project("{2150E333-8FDC-42A3-9474-1A3956D46DE8}") = "Infrastructure", "Infrastructure", "{93CF0987-D147-46B1-9CCE-8E9AFF74F37C}"
EndProject
Project("{2150E333-8FDC-42A3-9474-1A3956D46DE8}") = "Notification", "Notification", "{54070250-5515-9BC9-9F8B-7A7FD885CBB7}"
EndProject
Project("{2150E333-8FDC-42A3-9474-1A3956D46DE8}") = "_CrossCutting", "_CrossCutting", "{54070250-5515-9BC9-9F8B-7A7FD885CBB8}"
EndProject
Project("{2150E333-8FDC-42A3-9474-1A3956D46DE8}") = "AuditSink", "AuditSink", "{54070250-5515-9BC9-9F8B-7A7FD885CBB9}"
EndProject
Project("{FAE04EC0-301F-11D3-BF4B-00C04F79EFBC}") = "AuditSinkService.Api", "src\Services\_CrossCutting\AuditSink\AuditSinkService.Api\AuditSinkService.Api.csproj", "{54070250-5515-9BC9-9F8B-7A7FD885CBA1}"
EndProject
Project("{FAE04EC0-301F-11D3-BF4B-00C04F79EFBC}") = "AuditSinkService.Application", "src\Services\_CrossCutting\AuditSink\AuditSinkService.Application\AuditSinkService.Application.csproj", "{54070250-5515-9BC9-9F8B-7A7FD885CBA2}"
EndProject
Project("{FAE04EC0-301F-11D3-BF4B-00C04F79EFBC}") = "AuditSinkService.Domain", "src\Services\_CrossCutting\AuditSink\AuditSinkService.Domain\AuditSinkService.Domain.csproj", "{54070250-5515-9BC9-9F8B-7A7FD885CBA3}"
EndProject
Project("{FAE04EC0-301F-11D3-BF4B-00C04F79EFBC}") = "AuditSinkService.Persistence", "src\Services\_CrossCutting\AuditSink\AuditSinkService.Persistence\AuditSinkService.Persistence.csproj", "{54070250-5515-9BC9-9F8B-7A7FD885CBA4}"
EndProject
Project("{FAE04EC0-301F-11D3-BF4B-00C04F79EFBC}") = "NotificationService.Api", "src\Services\Notification\NotificationService.Api\NotificationService.Api.csproj", "{30519720-A6F4-463D-A1D5-CC97F140F479}"
EndProject
Project("{FAE04EC0-301F-11D3-BF4B-00C04F79EFBC}") = "NotificationService.Domain", "src\Services\Notification\NotificationService.Domain\NotificationService.Domain.csproj", "{524FF60B-58A4-4CF0-977B-B81EC081BE91}"
EndProject
Project("{FAE04EC0-301F-11D3-BF4B-00C04F79EFBC}") = "NotificationService.Application", "src\Services\Notification\NotificationService.Application\NotificationService.Application.csproj", "{F6166BAB-2FBF-4754-941F-EEF69F3F8978}"
EndProject
Project("{FAE04EC0-301F-11D3-BF4B-00C04F79EFBC}") = "NotificationService.Persistence", "src\Services\Notification\NotificationService.Persistence\NotificationService.Persistence.csproj", "{6DDCD91C-0E1E-49FD-8DB5-FD5099E3FED1}"
EndProject
Project("{2150E333-8FDC-42A3-9474-1A3956D46DE8}") = "API", "API", "{50539020-1090-4D0A-BAC9-37B349E85ACA}"
EndProject
Project("{2150E333-8FDC-42A3-9474-1A3956D46DE8}") = "Core", "Core", "{EF2D494F-B034-471C-96D8-C9CE4331BEC3}"
EndProject
Project("{2150E333-8FDC-42A3-9474-1A3956D46DE8}") = "Infrastructure", "Infrastructure", "{E9276648-99E6-494E-B0FE-69114A576257}"
EndProject
Project("{2150E333-8FDC-42A3-9474-1A3956D46DE8}") = "Infrastructure", "Infrastructure", "{0B02E4A3-D5A8-4649-BC22-A0CEC0567258}"
EndProject
Project("{2150E333-8FDC-42A3-9474-1A3956D46DE8}") = "API", "API", "{205EB3CD-3AB7-4120-8B44-50836726B6ED}"
EndProject
Project("{2150E333-8FDC-42A3-9474-1A3956D46DE8}") = "Core", "Core", "{C32259D2-CA3E-4750-A9CD-16075BE10049}"
EndProject
Project("{FAE04EC0-301F-11D3-BF4B-00C04F79EFBC}") = "Shared.Settings", "src\Shared\Shared.Settings\Shared.Settings.csproj", "{05AE45F1-A61A-4FAD-B3EB-E9454F733FA5}"
EndProject
Global
	GlobalSection(SolutionConfigurationPlatforms) = preSolution
		Debug|Any CPU = Debug|Any CPU
		Debug|x64 = Debug|x64
		Debug|x86 = Debug|x86
		Release|Any CPU = Release|Any CPU
		Release|x64 = Release|x64
		Release|x86 = Release|x86
	EndGlobalSection
	GlobalSection(ProjectConfigurationPlatforms) = postSolution
		{1234A1B1-C1D1-4A42-A06E-B4B4E2D5C111}.Debug|Any CPU.ActiveCfg = Debug|Any CPU
		{1234A1B1-C1D1-4A42-A06E-B4B4E2D5C111}.Debug|Any CPU.Build.0 = Debug|Any CPU
		{1234A1B1-C1D1-4A42-A06E-B4B4E2D5C111}.Debug|x64.ActiveCfg = Debug|Any CPU
		{1234A1B1-C1D1-4A42-A06E-B4B4E2D5C111}.Debug|x64.Build.0 = Debug|Any CPU
		{1234A1B1-C1D1-4A42-A06E-B4B4E2D5C111}.Debug|x86.ActiveCfg = Debug|Any CPU
		{1234A1B1-C1D1-4A42-A06E-B4B4E2D5C111}.Debug|x86.Build.0 = Debug|Any CPU
		{1234A1B1-C1D1-4A42-A06E-B4B4E2D5C111}.Release|Any CPU.ActiveCfg = Release|Any CPU
		{1234A1B1-C1D1-4A42-A06E-B4B4E2D5C111}.Release|Any CPU.Build.0 = Release|Any CPU
		{1234A1B1-C1D1-4A42-A06E-B4B4E2D5C111}.Release|x64.ActiveCfg = Release|Any CPU
		{1234A1B1-C1D1-4A42-A06E-B4B4E2D5C111}.Release|x64.Build.0 = Release|Any CPU
		{1234A1B1-C1D1-4A42-A06E-B4B4E2D5C111}.Release|x86.ActiveCfg = Release|Any CPU
		{1234A1B1-C1D1-4A42-A06E-B4B4E2D5C111}.Release|x86.Build.0 = Release|Any CPU
		{1234A1B2-C1D1-4A42-A06E-B4B4E2D5C222}.Debug|Any CPU.ActiveCfg = Debug|Any CPU
		{1234A1B2-C1D1-4A42-A06E-B4B4E2D5C222}.Debug|Any CPU.Build.0 = Debug|Any CPU
		{1234A1B2-C1D1-4A42-A06E-B4B4E2D5C222}.Debug|x64.ActiveCfg = Debug|Any CPU
		{1234A1B2-C1D1-4A42-A06E-B4B4E2D5C222}.Debug|x64.Build.0 = Debug|Any CPU
		{1234A1B2-C1D1-4A42-A06E-B4B4E2D5C222}.Debug|x86.ActiveCfg = Debug|Any CPU
		{1234A1B2-C1D1-4A42-A06E-B4B4E2D5C222}.Debug|x86.Build.0 = Debug|Any CPU
		{1234A1B2-C1D1-4A42-A06E-B4B4E2D5C222}.Release|Any CPU.ActiveCfg = Release|Any CPU
		{1234A1B2-C1D1-4A42-A06E-B4B4E2D5C222}.Release|Any CPU.Build.0 = Release|Any CPU
		{1234A1B2-C1D1-4A42-A06E-B4B4E2D5C222}.Release|x64.ActiveCfg = Release|Any CPU
		{1234A1B2-C1D1-4A42-A06E-B4B4E2D5C222}.Release|x64.Build.0 = Release|Any CPU
		{1234A1B2-C1D1-4A42-A06E-B4B4E2D5C222}.Release|x86.ActiveCfg = Release|Any CPU
		{1234A1B2-C1D1-4A42-A06E-B4B4E2D5C222}.Release|x86.Build.0 = Release|Any CPU
		{1234A1B3-C1D1-4A42-A06E-B4B4E2D5C333}.Debug|Any CPU.ActiveCfg = Debug|Any CPU
		{1234A1B3-C1D1-4A42-A06E-B4B4E2D5C333}.Debug|Any CPU.Build.0 = Debug|Any CPU
		{1234A1B3-C1D1-4A42-A06E-B4B4E2D5C333}.Debug|x64.ActiveCfg = Debug|Any CPU
		{1234A1B3-C1D1-4A42-A06E-B4B4E2D5C333}.Debug|x64.Build.0 = Debug|Any CPU
		{1234A1B3-C1D1-4A42-A06E-B4B4E2D5C333}.Debug|x86.ActiveCfg = Debug|Any CPU
		{1234A1B3-C1D1-4A42-A06E-B4B4E2D5C333}.Debug|x86.Build.0 = Debug|Any CPU
		{1234A1B3-C1D1-4A42-A06E-B4B4E2D5C333}.Release|Any CPU.ActiveCfg = Release|Any CPU
		{1234A1B3-C1D1-4A42-A06E-B4B4E2D5C333}.Release|Any CPU.Build.0 = Release|Any CPU
		{1234A1B3-C1D1-4A42-A06E-B4B4E2D5C333}.Release|x64.ActiveCfg = Release|Any CPU
		{1234A1B3-C1D1-4A42-A06E-B4B4E2D5C333}.Release|x64.Build.0 = Release|Any CPU
		{1234A1B3-C1D1-4A42-A06E-B4B4E2D5C333}.Release|x86.ActiveCfg = Release|Any CPU
		{1234A1B3-C1D1-4A42-A06E-B4B4E2D5C333}.Release|x86.Build.0 = Release|Any CPU
		{1234A1B4-C1D1-4A42-A06E-B4B4E2D5C444}.Debug|Any CPU.ActiveCfg = Debug|Any CPU
		{1234A1B4-C1D1-4A42-A06E-B4B4E2D5C444}.Debug|Any CPU.Build.0 = Debug|Any CPU
		{1234A1B4-C1D1-4A42-A06E-B4B4E2D5C444}.Debug|x64.ActiveCfg = Debug|Any CPU
		{1234A1B4-C1D1-4A42-A06E-B4B4E2D5C444}.Debug|x64.Build.0 = Debug|Any CPU
		{1234A1B4-C1D1-4A42-A06E-B4B4E2D5C444}.Debug|x86.ActiveCfg = Debug|Any CPU
		{1234A1B4-C1D1-4A42-A06E-B4B4E2D5C444}.Debug|x86.Build.0 = Debug|Any CPU
		{1234A1B4-C1D1-4A42-A06E-B4B4E2D5C444}.Release|Any CPU.ActiveCfg = Release|Any CPU
		{1234A1B4-C1D1-4A42-A06E-B4B4E2D5C444}.Release|Any CPU.Build.0 = Release|Any CPU
		{1234A1B4-C1D1-4A42-A06E-B4B4E2D5C444}.Release|x64.ActiveCfg = Release|Any CPU
		{1234A1B4-C1D1-4A42-A06E-B4B4E2D5C444}.Release|x64.Build.0 = Release|Any CPU
		{1234A1B4-C1D1-4A42-A06E-B4B4E2D5C444}.Release|x86.ActiveCfg = Release|Any CPU
		{1234A1B4-C1D1-4A42-A06E-B4B4E2D5C444}.Release|x86.Build.0 = Release|Any CPU
		{D5870D75-E29C-4CC5-A358-94471E70DE33}.Debug|Any CPU.ActiveCfg = Debug|Any CPU
		{D5870D75-E29C-4CC5-A358-94471E70DE33}.Debug|Any CPU.Build.0 = Debug|Any CPU
		{D5870D75-E29C-4CC5-A358-94471E70DE33}.Debug|x64.ActiveCfg = Debug|Any CPU
		{D5870D75-E29C-4CC5-A358-94471E70DE33}.Debug|x64.Build.0 = Debug|Any CPU
		{D5870D75-E29C-4CC5-A358-94471E70DE33}.Debug|x86.ActiveCfg = Debug|Any CPU
		{D5870D75-E29C-4CC5-A358-94471E70DE33}.Debug|x86.Build.0 = Debug|Any CPU
		{D5870D75-E29C-4CC5-A358-94471E70DE33}.Release|Any CPU.ActiveCfg = Release|Any CPU
		{D5870D75-E29C-4CC5-A358-94471E70DE33}.Release|Any CPU.Build.0 = Release|Any CPU
		{D5870D75-E29C-4CC5-A358-94471E70DE33}.Release|x64.ActiveCfg = Release|Any CPU
		{D5870D75-E29C-4CC5-A358-94471E70DE33}.Release|x64.Build.0 = Release|Any CPU
		{D5870D75-E29C-4CC5-A358-94471E70DE33}.Release|x86.ActiveCfg = Release|Any CPU
		{D5870D75-E29C-4CC5-A358-94471E70DE33}.Release|x86.Build.0 = Release|Any CPU
		{ADA11A31-5049-499C-BE76-B149493010B4}.Debug|Any CPU.ActiveCfg = Debug|Any CPU
		{ADA11A31-5049-499C-BE76-B149493010B4}.Debug|Any CPU.Build.0 = Debug|Any CPU
		{ADA11A31-5049-499C-BE76-B149493010B4}.Debug|x64.ActiveCfg = Debug|Any CPU
		{ADA11A31-5049-499C-BE76-B149493010B4}.Debug|x64.Build.0 = Debug|Any CPU
		{ADA11A31-5049-499C-BE76-B149493010B4}.Debug|x86.ActiveCfg = Debug|Any CPU
		{ADA11A31-5049-499C-BE76-B149493010B4}.Debug|x86.Build.0 = Debug|Any CPU
		{ADA11A31-5049-499C-BE76-B149493010B4}.Release|Any CPU.ActiveCfg = Release|Any CPU
		{ADA11A31-5049-499C-BE76-B149493010B4}.Release|Any CPU.Build.0 = Release|Any CPU
		{ADA11A31-5049-499C-BE76-B149493010B4}.Release|x64.ActiveCfg = Release|Any CPU
		{ADA11A31-5049-499C-BE76-B149493010B4}.Release|x64.Build.0 = Release|Any CPU
		{ADA11A31-5049-499C-BE76-B149493010B4}.Release|x86.ActiveCfg = Release|Any CPU
		{ADA11A31-5049-499C-BE76-B149493010B4}.Release|x86.Build.0 = Release|Any CPU
		{9F920FED-618A-47FC-8135-AD9B230EA279}.Debug|Any CPU.ActiveCfg = Debug|Any CPU
		{9F920FED-618A-47FC-8135-AD9B230EA279}.Debug|Any CPU.Build.0 = Debug|Any CPU
		{9F920FED-618A-47FC-8135-AD9B230EA279}.Debug|x64.ActiveCfg = Debug|Any CPU
		{9F920FED-618A-47FC-8135-AD9B230EA279}.Debug|x64.Build.0 = Debug|Any CPU
		{9F920FED-618A-47FC-8135-AD9B230EA279}.Debug|x86.ActiveCfg = Debug|Any CPU
		{9F920FED-618A-47FC-8135-AD9B230EA279}.Debug|x86.Build.0 = Debug|Any CPU
		{9F920FED-618A-47FC-8135-AD9B230EA279}.Release|Any CPU.ActiveCfg = Release|Any CPU
		{9F920FED-618A-47FC-8135-AD9B230EA279}.Release|Any CPU.Build.0 = Release|Any CPU
		{9F920FED-618A-47FC-8135-AD9B230EA279}.Release|x64.ActiveCfg = Release|Any CPU
		{9F920FED-618A-47FC-8135-AD9B230EA279}.Release|x64.Build.0 = Release|Any CPU
		{9F920FED-618A-47FC-8135-AD9B230EA279}.Release|x86.ActiveCfg = Release|Any CPU
		{9F920FED-618A-47FC-8135-AD9B230EA279}.Release|x86.Build.0 = Release|Any CPU
		{238BFE3E-EEF0-492F-B48E-D8C9A53784C0}.Debug|Any CPU.ActiveCfg = Debug|Any CPU
		{238BFE3E-EEF0-492F-B48E-D8C9A53784C0}.Debug|Any CPU.Build.0 = Debug|Any CPU
		{238BFE3E-EEF0-492F-B48E-D8C9A53784C0}.Debug|x64.ActiveCfg = Debug|Any CPU
		{238BFE3E-EEF0-492F-B48E-D8C9A53784C0}.Debug|x64.Build.0 = Debug|Any CPU
		{238BFE3E-EEF0-492F-B48E-D8C9A53784C0}.Debug|x86.ActiveCfg = Debug|Any CPU
		{238BFE3E-EEF0-492F-B48E-D8C9A53784C0}.Debug|x86.Build.0 = Debug|Any CPU
		{238BFE3E-EEF0-492F-B48E-D8C9A53784C0}.Release|Any CPU.ActiveCfg = Release|Any CPU
		{238BFE3E-EEF0-492F-B48E-D8C9A53784C0}.Release|Any CPU.Build.0 = Release|Any CPU
		{238BFE3E-EEF0-492F-B48E-D8C9A53784C0}.Release|x64.ActiveCfg = Release|Any CPU
		{238BFE3E-EEF0-492F-B48E-D8C9A53784C0}.Release|x64.Build.0 = Release|Any CPU
		{238BFE3E-EEF0-492F-B48E-D8C9A53784C0}.Release|x86.ActiveCfg = Release|Any CPU
		{238BFE3E-EEF0-492F-B48E-D8C9A53784C0}.Release|x86.Build.0 = Release|Any CPU
		{C8A53CE7-40C4-409D-B6C0-DB2DF2168E52}.Debug|Any CPU.ActiveCfg = Debug|Any CPU
		{C8A53CE7-40C4-409D-B6C0-DB2DF2168E52}.Debug|Any CPU.Build.0 = Debug|Any CPU
		{C8A53CE7-40C4-409D-B6C0-DB2DF2168E52}.Debug|x64.ActiveCfg = Debug|Any CPU
		{C8A53CE7-40C4-409D-B6C0-DB2DF2168E52}.Debug|x64.Build.0 = Debug|Any CPU
		{C8A53CE7-40C4-409D-B6C0-DB2DF2168E52}.Debug|x86.ActiveCfg = Debug|Any CPU
		{C8A53CE7-40C4-409D-B6C0-DB2DF2168E52}.Debug|x86.Build.0 = Debug|Any CPU
		{C8A53CE7-40C4-409D-B6C0-DB2DF2168E52}.Release|Any CPU.ActiveCfg = Release|Any CPU
		{C8A53CE7-40C4-409D-B6C0-DB2DF2168E52}.Release|Any CPU.Build.0 = Release|Any CPU
		{C8A53CE7-40C4-409D-B6C0-DB2DF2168E52}.Release|x64.ActiveCfg = Release|Any CPU
		{C8A53CE7-40C4-409D-B6C0-DB2DF2168E52}.Release|x64.Build.0 = Release|Any CPU
		{C8A53CE7-40C4-409D-B6C0-DB2DF2168E52}.Release|x86.ActiveCfg = Release|Any CPU
		{C8A53CE7-40C4-409D-B6C0-DB2DF2168E52}.Release|x86.Build.0 = Release|Any CPU
		{D9A83A8A-583D-4B0D-AB2C-9B37F71B8243}.Debug|Any CPU.ActiveCfg = Debug|Any CPU
		{D9A83A8A-583D-4B0D-AB2C-9B37F71B8243}.Debug|Any CPU.Build.0 = Debug|Any CPU
		{D9A83A8A-583D-4B0D-AB2C-9B37F71B8243}.Debug|x64.ActiveCfg = Debug|Any CPU
		{D9A83A8A-583D-4B0D-AB2C-9B37F71B8243}.Debug|x64.Build.0 = Debug|Any CPU
		{D9A83A8A-583D-4B0D-AB2C-9B37F71B8243}.Debug|x86.ActiveCfg = Debug|Any CPU
		{D9A83A8A-583D-4B0D-AB2C-9B37F71B8243}.Debug|x86.Build.0 = Debug|Any CPU
		{D9A83A8A-583D-4B0D-AB2C-9B37F71B8243}.Release|Any CPU.ActiveCfg = Release|Any CPU
		{D9A83A8A-583D-4B0D-AB2C-9B37F71B8243}.Release|Any CPU.Build.0 = Release|Any CPU
		{D9A83A8A-583D-4B0D-AB2C-9B37F71B8243}.Release|x64.ActiveCfg = Release|Any CPU
		{D9A83A8A-583D-4B0D-AB2C-9B37F71B8243}.Release|x64.Build.0 = Release|Any CPU
		{D9A83A8A-583D-4B0D-AB2C-9B37F71B8243}.Release|x86.ActiveCfg = Release|Any CPU
		{D9A83A8A-583D-4B0D-AB2C-9B37F71B8243}.Release|x86.Build.0 = Release|Any CPU
		{A00FF84E-D1F3-4524-8899-27AD3AE3E275}.Debug|Any CPU.ActiveCfg = Debug|Any CPU
		{A00FF84E-D1F3-4524-8899-27AD3AE3E275}.Debug|Any CPU.Build.0 = Debug|Any CPU
		{A00FF84E-D1F3-4524-8899-27AD3AE3E275}.Debug|x64.ActiveCfg = Debug|Any CPU
		{A00FF84E-D1F3-4524-8899-27AD3AE3E275}.Debug|x64.Build.0 = Debug|Any CPU
		{A00FF84E-D1F3-4524-8899-27AD3AE3E275}.Debug|x86.ActiveCfg = Debug|Any CPU
		{A00FF84E-D1F3-4524-8899-27AD3AE3E275}.Debug|x86.Build.0 = Debug|Any CPU
		{A00FF84E-D1F3-4524-8899-27AD3AE3E275}.Release|Any CPU.ActiveCfg = Release|Any CPU
		{A00FF84E-D1F3-4524-8899-27AD3AE3E275}.Release|Any CPU.Build.0 = Release|Any CPU
		{A00FF84E-D1F3-4524-8899-27AD3AE3E275}.Release|x64.ActiveCfg = Release|Any CPU
		{A00FF84E-D1F3-4524-8899-27AD3AE3E275}.Release|x64.Build.0 = Release|Any CPU
		{A00FF84E-D1F3-4524-8899-27AD3AE3E275}.Release|x86.ActiveCfg = Release|Any CPU
		{A00FF84E-D1F3-4524-8899-27AD3AE3E275}.Release|x86.Build.0 = Release|Any CPU
		{7B35B9B2-29EE-428B-8CE3-60FD5936D00E}.Debug|Any CPU.ActiveCfg = Debug|Any CPU
		{7B35B9B2-29EE-428B-8CE3-60FD5936D00E}.Debug|Any CPU.Build.0 = Debug|Any CPU
		{7B35B9B2-29EE-428B-8CE3-60FD5936D00E}.Debug|x64.ActiveCfg = Debug|Any CPU
		{7B35B9B2-29EE-428B-8CE3-60FD5936D00E}.Debug|x64.Build.0 = Debug|Any CPU
		{7B35B9B2-29EE-428B-8CE3-60FD5936D00E}.Debug|x86.ActiveCfg = Debug|Any CPU
		{7B35B9B2-29EE-428B-8CE3-60FD5936D00E}.Debug|x86.Build.0 = Debug|Any CPU
		{7B35B9B2-29EE-428B-8CE3-60FD5936D00E}.Release|Any CPU.ActiveCfg = Release|Any CPU
		{7B35B9B2-29EE-428B-8CE3-60FD5936D00E}.Release|Any CPU.Build.0 = Release|Any CPU
		{7B35B9B2-29EE-428B-8CE3-60FD5936D00E}.Release|x64.ActiveCfg = Release|Any CPU
		{7B35B9B2-29EE-428B-8CE3-60FD5936D00E}.Release|x64.Build.0 = Release|Any CPU
		{7B35B9B2-29EE-428B-8CE3-60FD5936D00E}.Release|x86.ActiveCfg = Release|Any CPU
		{7B35B9B2-29EE-428B-8CE3-60FD5936D00E}.Release|x86.Build.0 = Release|Any CPU
		{9EC7D627-884B-469F-89F2-912176A96629}.Debug|Any CPU.ActiveCfg = Debug|Any CPU
		{9EC7D627-884B-469F-89F2-912176A96629}.Debug|Any CPU.Build.0 = Debug|Any CPU
		{9EC7D627-884B-469F-89F2-912176A96629}.Debug|x64.ActiveCfg = Debug|Any CPU
		{9EC7D627-884B-469F-89F2-912176A96629}.Debug|x64.Build.0 = Debug|Any CPU
		{9EC7D627-884B-469F-89F2-912176A96629}.Debug|x86.ActiveCfg = Debug|Any CPU
		{9EC7D627-884B-469F-89F2-912176A96629}.Debug|x86.Build.0 = Debug|Any CPU
		{9EC7D627-884B-469F-89F2-912176A96629}.Release|Any CPU.ActiveCfg = Release|Any CPU
		{9EC7D627-884B-469F-89F2-912176A96629}.Release|Any CPU.Build.0 = Release|Any CPU
		{9EC7D627-884B-469F-89F2-912176A96629}.Release|x64.ActiveCfg = Release|Any CPU
		{9EC7D627-884B-469F-89F2-912176A96629}.Release|x64.Build.0 = Release|Any CPU
		{9EC7D627-884B-469F-89F2-912176A96629}.Release|x86.ActiveCfg = Release|Any CPU
		{9EC7D627-884B-469F-89F2-912176A96629}.Release|x86.Build.0 = Release|Any CPU
		{54070250-5515-9BC9-9F8B-7A7FD885CBA1}.Debug|Any CPU.ActiveCfg = Debug|Any CPU
		{54070250-5515-9BC9-9F8B-7A7FD885CBA1}.Debug|Any CPU.Build.0 = Debug|Any CPU
		{54070250-5515-9BC9-9F8B-7A7FD885CBA1}.Debug|x64.ActiveCfg = Debug|Any CPU
		{54070250-5515-9BC9-9F8B-7A7FD885CBA1}.Debug|x64.Build.0 = Debug|Any CPU
		{54070250-5515-9BC9-9F8B-7A7FD885CBA1}.Debug|x86.ActiveCfg = Debug|Any CPU
		{54070250-5515-9BC9-9F8B-7A7FD885CBA1}.Debug|x86.Build.0 = Debug|Any CPU
		{54070250-5515-9BC9-9F8B-7A7FD885CBA1}.Release|Any CPU.ActiveCfg = Release|Any CPU
		{54070250-5515-9BC9-9F8B-7A7FD885CBA1}.Release|Any CPU.Build.0 = Release|Any CPU
		{54070250-5515-9BC9-9F8B-7A7FD885CBA1}.Release|x64.ActiveCfg = Release|Any CPU
		{54070250-5515-9BC9-9F8B-7A7FD885CBA1}.Release|x64.Build.0 = Release|Any CPU
		{54070250-5515-9BC9-9F8B-7A7FD885CBA1}.Release|x86.ActiveCfg = Release|Any CPU
		{54070250-5515-9BC9-9F8B-7A7FD885CBA1}.Release|x86.Build.0 = Release|Any CPU
		{54070250-5515-9BC9-9F8B-7A7FD885CBA2}.Debug|Any CPU.ActiveCfg = Debug|Any CPU
		{54070250-5515-9BC9-9F8B-7A7FD885CBA2}.Debug|Any CPU.Build.0 = Debug|Any CPU
		{54070250-5515-9BC9-9F8B-7A7FD885CBA2}.Debug|x64.ActiveCfg = Debug|Any CPU
		{54070250-5515-9BC9-9F8B-7A7FD885CBA2}.Debug|x64.Build.0 = Debug|Any CPU
		{54070250-5515-9BC9-9F8B-7A7FD885CBA2}.Debug|x86.ActiveCfg = Debug|Any CPU
		{54070250-5515-9BC9-9F8B-7A7FD885CBA2}.Debug|x86.Build.0 = Debug|Any CPU
		{54070250-5515-9BC9-9F8B-7A7FD885CBA2}.Release|Any CPU.ActiveCfg = Release|Any CPU
		{54070250-5515-9BC9-9F8B-7A7FD885CBA2}.Release|Any CPU.Build.0 = Release|Any CPU
		{54070250-5515-9BC9-9F8B-7A7FD885CBA2}.Release|x64.ActiveCfg = Release|Any CPU
		{54070250-5515-9BC9-9F8B-7A7FD885CBA2}.Release|x64.Build.0 = Release|Any CPU
		{54070250-5515-9BC9-9F8B-7A7FD885CBA2}.Release|x86.ActiveCfg = Release|Any CPU
		{54070250-5515-9BC9-9F8B-7A7FD885CBA2}.Release|x86.Build.0 = Release|Any CPU
		{54070250-5515-9BC9-9F8B-7A7FD885CBA3}.Debug|Any CPU.ActiveCfg = Debug|Any CPU
		{54070250-5515-9BC9-9F8B-7A7FD885CBA3}.Debug|Any CPU.Build.0 = Debug|Any CPU
		{54070250-5515-9BC9-9F8B-7A7FD885CBA3}.Debug|x64.ActiveCfg = Debug|Any CPU
		{54070250-5515-9BC9-9F8B-7A7FD885CBA3}.Debug|x64.Build.0 = Debug|Any CPU
		{54070250-5515-9BC9-9F8B-7A7FD885CBA3}.Debug|x86.ActiveCfg = Debug|Any CPU
		{54070250-5515-9BC9-9F8B-7A7FD885CBA3}.Debug|x86.Build.0 = Debug|Any CPU
		{54070250-5515-9BC9-9F8B-7A7FD885CBA3}.Release|Any CPU.ActiveCfg = Release|Any CPU
		{54070250-5515-9BC9-9F8B-7A7FD885CBA3}.Release|Any CPU.Build.0 = Release|Any CPU
		{54070250-5515-9BC9-9F8B-7A7FD885CBA3}.Release|x64.ActiveCfg = Release|Any CPU
		{54070250-5515-9BC9-9F8B-7A7FD885CBA3}.Release|x64.Build.0 = Release|Any CPU
		{54070250-5515-9BC9-9F8B-7A7FD885CBA3}.Release|x86.ActiveCfg = Release|Any CPU
		{54070250-5515-9BC9-9F8B-7A7FD885CBA3}.Release|x86.Build.0 = Release|Any CPU
		{54070250-5515-9BC9-9F8B-7A7FD885CBA4}.Debug|Any CPU.ActiveCfg = Debug|Any CPU
		{54070250-5515-9BC9-9F8B-7A7FD885CBA4}.Debug|Any CPU.Build.0 = Debug|Any CPU
		{54070250-5515-9BC9-9F8B-7A7FD885CBA4}.Debug|x64.ActiveCfg = Debug|Any CPU
		{54070250-5515-9BC9-9F8B-7A7FD885CBA4}.Debug|x64.Build.0 = Debug|Any CPU
		{54070250-5515-9BC9-9F8B-7A7FD885CBA4}.Debug|x86.ActiveCfg = Debug|Any CPU
		{54070250-5515-9BC9-9F8B-7A7FD885CBA4}.Debug|x86.Build.0 = Debug|Any CPU
		{54070250-5515-9BC9-9F8B-7A7FD885CBA4}.Release|Any CPU.ActiveCfg = Release|Any CPU
		{54070250-5515-9BC9-9F8B-7A7FD885CBA4}.Release|Any CPU.Build.0 = Release|Any CPU
		{54070250-5515-9BC9-9F8B-7A7FD885CBA4}.Release|x64.ActiveCfg = Release|Any CPU
		{54070250-5515-9BC9-9F8B-7A7FD885CBA4}.Release|x64.Build.0 = Release|Any CPU
		{54070250-5515-9BC9-9F8B-7A7FD885CBA4}.Release|x86.ActiveCfg = Release|Any CPU
		{54070250-5515-9BC9-9F8B-7A7FD885CBA4}.Release|x86.Build.0 = Release|Any CPU
		{30519720-A6F4-463D-A1D5-CC97F140F479}.Debug|Any CPU.ActiveCfg = Debug|Any CPU
		{30519720-A6F4-463D-A1D5-CC97F140F479}.Debug|Any CPU.Build.0 = Debug|Any CPU
		{30519720-A6F4-463D-A1D5-CC97F140F479}.Debug|x64.ActiveCfg = Debug|Any CPU
		{30519720-A6F4-463D-A1D5-CC97F140F479}.Debug|x64.Build.0 = Debug|Any CPU
		{30519720-A6F4-463D-A1D5-CC97F140F479}.Debug|x86.ActiveCfg = Debug|Any CPU
		{30519720-A6F4-463D-A1D5-CC97F140F479}.Debug|x86.Build.0 = Debug|Any CPU
		{30519720-A6F4-463D-A1D5-CC97F140F479}.Release|Any CPU.ActiveCfg = Release|Any CPU
		{30519720-A6F4-463D-A1D5-CC97F140F479}.Release|Any CPU.Build.0 = Release|Any CPU
		{30519720-A6F4-463D-A1D5-CC97F140F479}.Release|x64.ActiveCfg = Release|Any CPU
		{30519720-A6F4-463D-A1D5-CC97F140F479}.Release|x64.Build.0 = Release|Any CPU
		{30519720-A6F4-463D-A1D5-CC97F140F479}.Release|x86.ActiveCfg = Release|Any CPU
		{30519720-A6F4-463D-A1D5-CC97F140F479}.Release|x86.Build.0 = Release|Any CPU
		{524FF60B-58A4-4CF0-977B-B81EC081BE91}.Debug|Any CPU.ActiveCfg = Debug|Any CPU
		{524FF60B-58A4-4CF0-977B-B81EC081BE91}.Debug|Any CPU.Build.0 = Debug|Any CPU
		{524FF60B-58A4-4CF0-977B-B81EC081BE91}.Debug|x64.ActiveCfg = Debug|Any CPU
		{524FF60B-58A4-4CF0-977B-B81EC081BE91}.Debug|x64.Build.0 = Debug|Any CPU
		{524FF60B-58A4-4CF0-977B-B81EC081BE91}.Debug|x86.ActiveCfg = Debug|Any CPU
		{524FF60B-58A4-4CF0-977B-B81EC081BE91}.Debug|x86.Build.0 = Debug|Any CPU
		{524FF60B-58A4-4CF0-977B-B81EC081BE91}.Release|Any CPU.ActiveCfg = Release|Any CPU
		{524FF60B-58A4-4CF0-977B-B81EC081BE91}.Release|Any CPU.Build.0 = Release|Any CPU
		{524FF60B-58A4-4CF0-977B-B81EC081BE91}.Release|x64.ActiveCfg = Release|Any CPU
		{524FF60B-58A4-4CF0-977B-B81EC081BE91}.Release|x64.Build.0 = Release|Any CPU
		{524FF60B-58A4-4CF0-977B-B81EC081BE91}.Release|x86.ActiveCfg = Release|Any CPU
		{524FF60B-58A4-4CF0-977B-B81EC081BE91}.Release|x86.Build.0 = Release|Any CPU
		{F6166BAB-2FBF-4754-941F-EEF69F3F8978}.Debug|Any CPU.ActiveCfg = Debug|Any CPU
		{F6166BAB-2FBF-4754-941F-EEF69F3F8978}.Debug|Any CPU.Build.0 = Debug|Any CPU
		{F6166BAB-2FBF-4754-941F-EEF69F3F8978}.Debug|x64.ActiveCfg = Debug|Any CPU
		{F6166BAB-2FBF-4754-941F-EEF69F3F8978}.Debug|x64.Build.0 = Debug|Any CPU
		{F6166BAB-2FBF-4754-941F-EEF69F3F8978}.Debug|x86.ActiveCfg = Debug|Any CPU
		{F6166BAB-2FBF-4754-941F-EEF69F3F8978}.Debug|x86.Build.0 = Debug|Any CPU
		{F6166BAB-2FBF-4754-941F-EEF69F3F8978}.Release|Any CPU.ActiveCfg = Release|Any CPU
		{F6166BAB-2FBF-4754-941F-EEF69F3F8978}.Release|Any CPU.Build.0 = Release|Any CPU
		{F6166BAB-2FBF-4754-941F-EEF69F3F8978}.Release|x64.ActiveCfg = Release|Any CPU
		{F6166BAB-2FBF-4754-941F-EEF69F3F8978}.Release|x64.Build.0 = Release|Any CPU
		{F6166BAB-2FBF-4754-941F-EEF69F3F8978}.Release|x86.ActiveCfg = Release|Any CPU
		{F6166BAB-2FBF-4754-941F-EEF69F3F8978}.Release|x86.Build.0 = Release|Any CPU
		{6DDCD91C-0E1E-49FD-8DB5-FD5099E3FED1}.Debug|Any CPU.ActiveCfg = Debug|Any CPU
		{6DDCD91C-0E1E-49FD-8DB5-FD5099E3FED1}.Debug|Any CPU.Build.0 = Debug|Any CPU
		{6DDCD91C-0E1E-49FD-8DB5-FD5099E3FED1}.Debug|x64.ActiveCfg = Debug|Any CPU
		{6DDCD91C-0E1E-49FD-8DB5-FD5099E3FED1}.Debug|x64.Build.0 = Debug|Any CPU
		{6DDCD91C-0E1E-49FD-8DB5-FD5099E3FED1}.Debug|x86.ActiveCfg = Debug|Any CPU
		{6DDCD91C-0E1E-49FD-8DB5-FD5099E3FED1}.Debug|x86.Build.0 = Debug|Any CPU
		{6DDCD91C-0E1E-49FD-8DB5-FD5099E3FED1}.Release|Any CPU.ActiveCfg = Release|Any CPU
		{6DDCD91C-0E1E-49FD-8DB5-FD5099E3FED1}.Release|Any CPU.Build.0 = Release|Any CPU
		{6DDCD91C-0E1E-49FD-8DB5-FD5099E3FED1}.Release|x64.ActiveCfg = Release|Any CPU
		{6DDCD91C-0E1E-49FD-8DB5-FD5099E3FED1}.Release|x64.Build.0 = Release|Any CPU
		{6DDCD91C-0E1E-49FD-8DB5-FD5099E3FED1}.Release|x86.ActiveCfg = Release|Any CPU
		{6DDCD91C-0E1E-49FD-8DB5-FD5099E3FED1}.Release|x86.Build.0 = Release|Any CPU
		{05AE45F1-A61A-4FAD-B3EB-E9454F733FA5}.Debug|Any CPU.ActiveCfg = Debug|Any CPU
		{05AE45F1-A61A-4FAD-B3EB-E9454F733FA5}.Debug|Any CPU.Build.0 = Debug|Any CPU
		{05AE45F1-A61A-4FAD-B3EB-E9454F733FA5}.Debug|x64.ActiveCfg = Debug|Any CPU
		{05AE45F1-A61A-4FAD-B3EB-E9454F733FA5}.Debug|x64.Build.0 = Debug|Any CPU
		{05AE45F1-A61A-4FAD-B3EB-E9454F733FA5}.Debug|x86.ActiveCfg = Debug|Any CPU
		{05AE45F1-A61A-4FAD-B3EB-E9454F733FA5}.Debug|x86.Build.0 = Debug|Any CPU
		{05AE45F1-A61A-4FAD-B3EB-E9454F733FA5}.Release|Any CPU.ActiveCfg = Release|Any CPU
		{05AE45F1-A61A-4FAD-B3EB-E9454F733FA5}.Release|Any CPU.Build.0 = Release|Any CPU
		{05AE45F1-A61A-4FAD-B3EB-E9454F733FA5}.Release|x64.ActiveCfg = Release|Any CPU
		{05AE45F1-A61A-4FAD-B3EB-E9454F733FA5}.Release|x64.Build.0 = Release|Any CPU
		{05AE45F1-A61A-4FAD-B3EB-E9454F733FA5}.Release|x86.ActiveCfg = Release|Any CPU
		{05AE45F1-A61A-4FAD-B3EB-E9454F733FA5}.Release|x86.Build.0 = Release|Any CPU
	EndGlobalSection
	GlobalSection(SolutionProperties) = preSolution
		HideSolutionNode = FALSE
	EndGlobalSection
	GlobalSection(NestedProjects) = preSolution
		{B0DCE3BD-FFFA-4C3E-A9B5-B0F6C6D89FE1} = {A5381B1E-7D4F-4A82-8A39-18D802E38BE9}
		{C8D9D4F3-B55C-4A42-A06E-B4B4E2D5C786} = {B0DCE3BD-FFFA-4C3E-A9B5-B0F6C6D89FE1}
		{1234A1B1-C1D1-4A42-A06E-B4B4E2D5C111} = {02EA681E-C7D8-13C7-8484-4AC65E1B71E8}
		{1234A1B2-C1D1-4A42-A06E-B4B4E2D5C222} = {E4C4D1B0-E10F-46F9-B9D5-95E957A89EE7}
		{1234A1B3-C1D1-4A42-A06E-B4B4E2D5C333} = {E4C4D1B0-E10F-46F9-B9D5-95E957A89EE7}
		{1234A1B4-C1D1-4A42-A06E-B4B4E2D5C444} = {263B24B2-06C3-4308-9CA0-E93C9B3EA33D}
		{285E936A-EF9C-D8EC-0E39-04B5D2ADD723} = {A5381B1E-7D4F-4A82-8A39-18D802E38BE9}
		{02EA681E-C7D8-13C7-8484-4AC65E1B71E8} = {C8D9D4F3-B55C-4A42-A06E-B4B4E2D5C786}
		{E4C4D1B0-E10F-46F9-B9D5-95E957A89EE7} = {C8D9D4F3-B55C-4A42-A06E-B4B4E2D5C786}
		{263B24B2-06C3-4308-9CA0-E93C9B3EA33D} = {C8D9D4F3-B55C-4A42-A06E-B4B4E2D5C786}
		{D5870D75-E29C-4CC5-A358-94471E70DE33} = {285E936A-EF9C-D8EC-0E39-04B5D2ADD723}
		{ADA11A31-5049-499C-BE76-B149493010B4} = {285E936A-EF9C-D8EC-0E39-04B5D2ADD723}
		{9F920FED-618A-47FC-8135-AD9B230EA279} = {285E936A-EF9C-D8EC-0E39-04B5D2ADD723}
		{F7B07781-3C28-4421-B14F-5BE8E3E2A454} = {A5381B1E-7D4F-4A82-8A39-18D802E38BE9}
		{238BFE3E-EEF0-492F-B48E-D8C9A53784C0} = {F7B07781-3C28-4421-B14F-5BE8E3E2A454}
		{C8A53CE7-40C4-409D-B6C0-DB2DF2168E52} = {285E936A-EF9C-D8EC-0E39-04B5D2ADD723}
		{34024C75-2D5E-3988-2ECD-2390CC7DD801} = {B0DCE3BD-FFFA-4C3E-A9B5-B0F6C6D89FE1}
		{D9A83A8A-583D-4B0D-AB2C-9B37F71B8243} = {728D47E8-46E3-4002-BFB9-7F0B12710DA0}
		{A00FF84E-D1F3-4524-8899-27AD3AE3E275} = {61FFC484-1917-42FF-8969-B35C9983A219}
		{7B35B9B2-29EE-428B-8CE3-60FD5936D00E} = {61FFC484-1917-42FF-8969-B35C9983A219}
		{9EC7D627-884B-469F-89F2-912176A96629} = {93CF0987-D147-46B1-9CCE-8E9AFF74F37C}
		{61FFC484-1917-42FF-8969-B35C9983A219} = {34024C75-2D5E-3988-2ECD-2390CC7DD801}
		{728D47E8-46E3-4002-BFB9-7F0B12710DA0} = {34024C75-2D5E-3988-2ECD-2390CC7DD801}
		{93CF0987-D147-46B1-9CCE-8E9AFF74F37C} = {34024C75-2D5E-3988-2ECD-2390CC7DD801}
		{54070250-5515-9BC9-9F8B-7A7FD885CBB7} = {B0DCE3BD-FFFA-4C3E-A9B5-B0F6C6D89FE1}
		{54070250-5515-9BC9-9F8B-7A7FD885CBB8} = {B0DCE3BD-FFFA-4C3E-A9B5-B0F6C6D89FE1}
		{54070250-5515-9BC9-9F8B-7A7FD885CBB9} = {54070250-5515-9BC9-9F8B-7A7FD885CBB8}
		{54070250-5515-9BC9-9F8B-7A7FD885CBA1} = {50539020-1090-4D0A-BAC9-37B349E85ACA}
		{54070250-5515-9BC9-9F8B-7A7FD885CBA2} = {EF2D494F-B034-471C-96D8-C9CE4331BEC3}
		{54070250-5515-9BC9-9F8B-7A7FD885CBA3} = {EF2D494F-B034-471C-96D8-C9CE4331BEC3}
		{54070250-5515-9BC9-9F8B-7A7FD885CBA4} = {E9276648-99E6-494E-B0FE-69114A576257}
		{30519720-A6F4-463D-A1D5-CC97F140F479} = {205EB3CD-3AB7-4120-8B44-50836726B6ED}
		{524FF60B-58A4-4CF0-977B-B81EC081BE91} = {C32259D2-CA3E-4750-A9CD-16075BE10049}
		{F6166BAB-2FBF-4754-941F-EEF69F3F8978} = {C32259D2-CA3E-4750-A9CD-16075BE10049}
		{6DDCD91C-0E1E-49FD-8DB5-FD5099E3FED1} = {0B02E4A3-D5A8-4649-BC22-A0CEC0567258}
		{50539020-1090-4D0A-BAC9-37B349E85ACA} = {54070250-5515-9BC9-9F8B-7A7FD885CBB9}
		{EF2D494F-B034-471C-96D8-C9CE4331BEC3} = {54070250-5515-9BC9-9F8B-7A7FD885CBB9}
		{E9276648-99E6-494E-B0FE-69114A576257} = {54070250-5515-9BC9-9F8B-7A7FD885CBB9}
		{0B02E4A3-D5A8-4649-BC22-A0CEC0567258} = {54070250-5515-9BC9-9F8B-7A7FD885CBB7}
		{205EB3CD-3AB7-4120-8B44-50836726B6ED} = {54070250-5515-9BC9-9F8B-7A7FD885CBB7}
		{C32259D2-CA3E-4750-A9CD-16075BE10049} = {54070250-5515-9BC9-9F8B-7A7FD885CBB7}
		{05AE45F1-A61A-4FAD-B3EB-E9454F733FA5} = {285E936A-EF9C-D8EC-0E39-04B5D2ADD723}
	EndGlobalSection
	GlobalSection(ExtensibilityGlobals) = postSolution
		SolutionGuid = {E4DC1A4A-4AF5-42BE-9F91-A3C251A198E7}
	EndGlobalSection
	GlobalSection(SolutionItems) = preSolution
		docker-compose.yml = docker-compose.yml
	EndGlobalSection
EndGlobal
