
Microsoft Visual Studio Solution File, Format Version 12.00
# Visual Studio Version 17
VisualStudioVersion = 17.0.31903.59
MinimumVisualStudioVersion = 10.0.40219.1
Project("{2150E333-8FDC-42A3-9474-1A3956D46DE8}") = "src", "src", "{A5381B1E-7D4F-4A82-8A39-18D802E38BE9}"
EndProject
Project("{2150E333-8FDC-42A3-9474-1A3956D46DE8}") = "Services", "Services", "{B0DCE3BD-FFFA-4C3E-A9B5-B0F6C6D89FE1}"
EndProject
Project("{2150E333-8FDC-42A3-9474-1A3956D46DE8}") = "IdentityService", "IdentityService", "{C8D9D4F3-B55C-4A42-A06E-B4B4E2D5C786}"
EndProject
Project("{FAE04EC0-301F-11D3-BF4B-00C04F79EFBC}") = "IdentityService.Api", "src\Services\IdentityService\API\IdentityService.Api\IdentityService.Api.csproj", "{1234A1B1-C1D1-4A42-A06E-B4B4E2D5C111}"
EndProject
Project("{FAE04EC0-301F-11D3-BF4B-00C04F79EFBC}") = "IdentityService.Application", "src\Services\IdentityService\Core\IdentityService.Application\IdentityService.Application.csproj", "{1234A1B2-C1D1-4A42-A06E-B4B4E2D5C222}"
EndProject
Project("{FAE04EC0-301F-11D3-BF4B-00C04F79EFBC}") = "IdentityService.Domain", "src\Services\IdentityService\Core\IdentityService.Domain\IdentityService.Domain.csproj", "{1234A1B3-C1D1-4A42-A06E-B4B4E2D5C333}"
EndProject
Project("{FAE04EC0-301F-11D3-BF4B-00C04F79EFBC}") = "IdentityService.Persistence", "src\Services\IdentityService\Infrastructure\IdentityService.Persistence\IdentityService.Persistence.csproj", "{1234A1B4-C1D1-4A42-A06E-B4B4E2D5C444}"
EndProject
Project("{2150E333-8FDC-42A3-9474-1A3956D46DE8}") = "Shared", "Shared", "{285E936A-EF9C-D8EC-0E39-04B5D2ADD723}"
EndProject
Project("{2150E333-8FDC-42A3-9474-1A3956D46DE8}") = "API", "API", "{02EA681E-C7D8-13C7-8484-4AC65E1B71E8}"
EndProject
Project("{2150E333-8FDC-42A3-9474-1A3956D46DE8}") = "Core", "Core", "{E4C4D1B0-E10F-46F9-B9D5-95E957A89EE7}"
EndProject
Project("{2150E333-8FDC-42A3-9474-1A3956D46DE8}") = "Infrastructure", "Infrastructure", "{263B24B2-06C3-4308-9CA0-E93C9B3EA33D}"
EndProject
Project("{FAE04EC0-301F-11D3-BF4B-00C04F79EFBC}") = "Shared.Logging", "src\Shared\Shared.Logging\Shared.Logging.csproj", "{D5870D75-E29C-4CC5-A358-94471E70DE33}"
EndProject
Project("{FAE04EC0-301F-11D3-BF4B-00C04F79EFBC}") = "Shared.Common", "src\Shared\Shared.Common\Shared.Common.csproj", "{ADA11A31-5049-499C-BE76-B149493010B4}"
EndProject
Project("{FAE04EC0-301F-11D3-BF4B-00C04F79EFBC}") = "Shared.Auditing", "src\Shared\Shared.Auditing\Shared.Auditing.csproj", "{9F920FED-618A-47FC-8135-AD9B230EA279}"
EndProject
Project("{FAE04EC0-301F-11D3-BF4B-00C04F79EFBC}") = "ApiGateway", "src\ApiGateway\ApiGateway.csproj", "{238BFE3E-EEF0-492F-B48E-D8C9A53784C0}"
EndProject
Project("{FAE04EC0-301F-11D3-BF4B-00C04F79EFBC}") = "Shared.Messaging", "src\Shared\Shared.Messaging\Shared.Messaging.csproj", "{C8A53CE7-40C4-409D-B6C0-DB2DF2168E52}"
EndProject
Project("{2150E333-8FDC-42A3-9474-1A3956D46DE8}") = "AppointmentService", "AppointmentService", "{34024C75-2D5E-3988-2ECD-2390CC7DD801}"
EndProject
Project("{2150E333-8FDC-42A3-9474-1A3956D46DE8}") = "Api", "Api", "{60CAC848-B26A-2918-4213-424701CF9C10}"
EndProject
Project("{FAE04EC0-301F-11D3-BF4B-00C04F79EFBC}") = "AppointmentService.Api", "src\Services\AppointmentService\Api\AppointmentService.Api.csproj", "{D9A83A8A-583D-4B0D-AB2C-9B37F71B8243}"
EndProject
Project("{FAE04EC0-301F-11D3-BF4B-00C04F79EFBC}") = "AppointmentService.Application", "src\Services\AppointmentService\Application\AppointmentService.Application.csproj", "{A00FF84E-D1F3-4524-8899-27AD3AE3E275}"
EndProject
Project("{FAE04EC0-301F-11D3-BF4B-00C04F79EFBC}") = "AppointmentService.Domain", "src\Services\AppointmentService\Domain\AppointmentService.Domain.csproj", "{7B35B9B2-29EE-428B-8CE3-60FD5936D00E}"
EndProject
Project("{FAE04EC0-301F-11D3-BF4B-00C04F79EFBC}") = "AppointmentService.Persistence", "src\Services\AppointmentService\Persistence\AppointmentService.Persistence.csproj", "{9EC7D627-884B-469F-89F2-912176A96629}"
EndProject
Global
	GlobalSection(SolutionConfigurationPlatforms) = preSolution
		Debug|Any CPU = Debug|Any CPU
		Debug|x64 = Debug|x64
		Debug|x86 = Debug|x86
		Release|Any CPU = Release|Any CPU
		Release|x64 = Release|x64
		Release|x86 = Release|x86
	EndGlobalSection
	GlobalSection(ProjectConfigurationPlatforms) = postSolution
		{1234A1B1-C1D1-4A42-A06E-B4B4E2D5C111}.Debug|Any CPU.ActiveCfg = Debug|Any CPU
		{1234A1B1-C1D1-4A42-A06E-B4B4E2D5C111}.Debug|Any CPU.Build.0 = Debug|Any CPU
		{1234A1B1-C1D1-4A42-A06E-B4B4E2D5C111}.Debug|x64.ActiveCfg = Debug|Any CPU
		{1234A1B1-C1D1-4A42-A06E-B4B4E2D5C111}.Debug|x64.Build.0 = Debug|Any CPU
		{1234A1B1-C1D1-4A42-A06E-B4B4E2D5C111}.Debug|x86.ActiveCfg = Debug|Any CPU
		{1234A1B1-C1D1-4A42-A06E-B4B4E2D5C111}.Debug|x86.Build.0 = Debug|Any CPU
		{1234A1B1-C1D1-4A42-A06E-B4B4E2D5C111}.Release|Any CPU.ActiveCfg = Release|Any CPU
		{1234A1B1-C1D1-4A42-A06E-B4B4E2D5C111}.Release|Any CPU.Build.0 = Release|Any CPU
		{1234A1B1-C1D1-4A42-A06E-B4B4E2D5C111}.Release|x64.ActiveCfg = Release|Any CPU
		{1234A1B1-C1D1-4A42-A06E-B4B4E2D5C111}.Release|x64.Build.0 = Release|Any CPU
		{1234A1B1-C1D1-4A42-A06E-B4B4E2D5C111}.Release|x86.ActiveCfg = Release|Any CPU
		{1234A1B1-C1D1-4A42-A06E-B4B4E2D5C111}.Release|x86.Build.0 = Release|Any CPU
		{1234A1B2-C1D1-4A42-A06E-B4B4E2D5C222}.Debug|Any CPU.ActiveCfg = Debug|Any CPU
		{1234A1B2-C1D1-4A42-A06E-B4B4E2D5C222}.Debug|Any CPU.Build.0 = Debug|Any CPU
		{1234A1B2-C1D1-4A42-A06E-B4B4E2D5C222}.Debug|x64.ActiveCfg = Debug|Any CPU
		{1234A1B2-C1D1-4A42-A06E-B4B4E2D5C222}.Debug|x64.Build.0 = Debug|Any CPU
		{1234A1B2-C1D1-4A42-A06E-B4B4E2D5C222}.Debug|x86.ActiveCfg = Debug|Any CPU
		{1234A1B2-C1D1-4A42-A06E-B4B4E2D5C222}.Debug|x86.Build.0 = Debug|Any CPU
		{1234A1B2-C1D1-4A42-A06E-B4B4E2D5C222}.Release|Any CPU.ActiveCfg = Release|Any CPU
		{1234A1B2-C1D1-4A42-A06E-B4B4E2D5C222}.Release|Any CPU.Build.0 = Release|Any CPU
		{1234A1B2-C1D1-4A42-A06E-B4B4E2D5C222}.Release|x64.ActiveCfg = Release|Any CPU
		{1234A1B2-C1D1-4A42-A06E-B4B4E2D5C222}.Release|x64.Build.0 = Release|Any CPU
		{1234A1B2-C1D1-4A42-A06E-B4B4E2D5C222}.Release|x86.ActiveCfg = Release|Any CPU
		{1234A1B2-C1D1-4A42-A06E-B4B4E2D5C222}.Release|x86.Build.0 = Release|Any CPU
		{1234A1B3-C1D1-4A42-A06E-B4B4E2D5C333}.Debug|Any CPU.ActiveCfg = Debug|Any CPU
		{1234A1B3-C1D1-4A42-A06E-B4B4E2D5C333}.Debug|Any CPU.Build.0 = Debug|Any CPU
		{1234A1B3-C1D1-4A42-A06E-B4B4E2D5C333}.Debug|x64.ActiveCfg = Debug|Any CPU
		{1234A1B3-C1D1-4A42-A06E-B4B4E2D5C333}.Debug|x64.Build.0 = Debug|Any CPU
		{1234A1B3-C1D1-4A42-A06E-B4B4E2D5C333}.Debug|x86.ActiveCfg = Debug|Any CPU
		{1234A1B3-C1D1-4A42-A06E-B4B4E2D5C333}.Debug|x86.Build.0 = Debug|Any CPU
		{1234A1B3-C1D1-4A42-A06E-B4B4E2D5C333}.Release|Any CPU.ActiveCfg = Release|Any CPU
		{1234A1B3-C1D1-4A42-A06E-B4B4E2D5C333}.Release|Any CPU.Build.0 = Release|Any CPU
		{1234A1B3-C1D1-4A42-A06E-B4B4E2D5C333}.Release|x64.ActiveCfg = Release|Any CPU
		{1234A1B3-C1D1-4A42-A06E-B4B4E2D5C333}.Release|x64.Build.0 = Release|Any CPU
		{1234A1B3-C1D1-4A42-A06E-B4B4E2D5C333}.Release|x86.ActiveCfg = Release|Any CPU
		{1234A1B3-C1D1-4A42-A06E-B4B4E2D5C333}.Release|x86.Build.0 = Release|Any CPU
		{1234A1B4-C1D1-4A42-A06E-B4B4E2D5C444}.Debug|Any CPU.ActiveCfg = Debug|Any CPU
		{1234A1B4-C1D1-4A42-A06E-B4B4E2D5C444}.Debug|Any CPU.Build.0 = Debug|Any CPU
		{1234A1B4-C1D1-4A42-A06E-B4B4E2D5C444}.Debug|x64.ActiveCfg = Debug|Any CPU
		{1234A1B4-C1D1-4A42-A06E-B4B4E2D5C444}.Debug|x64.Build.0 = Debug|Any CPU
		{1234A1B4-C1D1-4A42-A06E-B4B4E2D5C444}.Debug|x86.ActiveCfg = Debug|Any CPU
		{1234A1B4-C1D1-4A42-A06E-B4B4E2D5C444}.Debug|x86.Build.0 = Debug|Any CPU
		{1234A1B4-C1D1-4A42-A06E-B4B4E2D5C444}.Release|Any CPU.ActiveCfg = Release|Any CPU
		{1234A1B4-C1D1-4A42-A06E-B4B4E2D5C444}.Release|Any CPU.Build.0 = Release|Any CPU
		{1234A1B4-C1D1-4A42-A06E-B4B4E2D5C444}.Release|x64.ActiveCfg = Release|Any CPU
		{1234A1B4-C1D1-4A42-A06E-B4B4E2D5C444}.Release|x64.Build.0 = Release|Any CPU
		{1234A1B4-C1D1-4A42-A06E-B4B4E2D5C444}.Release|x86.ActiveCfg = Release|Any CPU
		{1234A1B4-C1D1-4A42-A06E-B4B4E2D5C444}.Release|x86.Build.0 = Release|Any CPU
		{D5870D75-E29C-4CC5-A358-94471E70DE33}.Debug|Any CPU.ActiveCfg = Debug|Any CPU
		{D5870D75-E29C-4CC5-A358-94471E70DE33}.Debug|Any CPU.Build.0 = Debug|Any CPU
		{D5870D75-E29C-4CC5-A358-94471E70DE33}.Debug|x64.ActiveCfg = Debug|Any CPU
		{D5870D75-E29C-4CC5-A358-94471E70DE33}.Debug|x64.Build.0 = Debug|Any CPU
		{D5870D75-E29C-4CC5-A358-94471E70DE33}.Debug|x86.ActiveCfg = Debug|Any CPU
		{D5870D75-E29C-4CC5-A358-94471E70DE33}.Debug|x86.Build.0 = Debug|Any CPU
		{D5870D75-E29C-4CC5-A358-94471E70DE33}.Release|Any CPU.ActiveCfg = Release|Any CPU
		{D5870D75-E29C-4CC5-A358-94471E70DE33}.Release|Any CPU.Build.0 = Release|Any CPU
		{D5870D75-E29C-4CC5-A358-94471E70DE33}.Release|x64.ActiveCfg = Release|Any CPU
		{D5870D75-E29C-4CC5-A358-94471E70DE33}.Release|x64.Build.0 = Release|Any CPU
		{D5870D75-E29C-4CC5-A358-94471E70DE33}.Release|x86.ActiveCfg = Release|Any CPU
		{D5870D75-E29C-4CC5-A358-94471E70DE33}.Release|x86.Build.0 = Release|Any CPU
		{ADA11A31-5049-499C-BE76-B149493010B4}.Debug|Any CPU.ActiveCfg = Debug|Any CPU
		{ADA11A31-5049-499C-BE76-B149493010B4}.Debug|Any CPU.Build.0 = Debug|Any CPU
		{ADA11A31-5049-499C-BE76-B149493010B4}.Debug|x64.ActiveCfg = Debug|Any CPU
		{ADA11A31-5049-499C-BE76-B149493010B4}.Debug|x64.Build.0 = Debug|Any CPU
		{ADA11A31-5049-499C-BE76-B149493010B4}.Debug|x86.ActiveCfg = Debug|Any CPU
		{ADA11A31-5049-499C-BE76-B149493010B4}.Debug|x86.Build.0 = Debug|Any CPU
		{ADA11A31-5049-499C-BE76-B149493010B4}.Release|Any CPU.ActiveCfg = Release|Any CPU
		{ADA11A31-5049-499C-BE76-B149493010B4}.Release|Any CPU.Build.0 = Release|Any CPU
		{ADA11A31-5049-499C-BE76-B149493010B4}.Release|x64.ActiveCfg = Release|Any CPU
		{ADA11A31-5049-499C-BE76-B149493010B4}.Release|x64.Build.0 = Release|Any CPU
		{ADA11A31-5049-499C-BE76-B149493010B4}.Release|x86.ActiveCfg = Release|Any CPU
		{ADA11A31-5049-499C-BE76-B149493010B4}.Release|x86.Build.0 = Release|Any CPU
		{9F920FED-618A-47FC-8135-AD9B230EA279}.Debug|Any CPU.ActiveCfg = Debug|Any CPU
		{9F920FED-618A-47FC-8135-AD9B230EA279}.Debug|Any CPU.Build.0 = Debug|Any CPU
		{9F920FED-618A-47FC-8135-AD9B230EA279}.Debug|x64.ActiveCfg = Debug|Any CPU
		{9F920FED-618A-47FC-8135-AD9B230EA279}.Debug|x64.Build.0 = Debug|Any CPU
		{9F920FED-618A-47FC-8135-AD9B230EA279}.Debug|x86.ActiveCfg = Debug|Any CPU
		{9F920FED-618A-47FC-8135-AD9B230EA279}.Debug|x86.Build.0 = Debug|Any CPU
		{9F920FED-618A-47FC-8135-AD9B230EA279}.Release|Any CPU.ActiveCfg = Release|Any CPU
		{9F920FED-618A-47FC-8135-AD9B230EA279}.Release|Any CPU.Build.0 = Release|Any CPU
		{9F920FED-618A-47FC-8135-AD9B230EA279}.Release|x64.ActiveCfg = Release|Any CPU
		{9F920FED-618A-47FC-8135-AD9B230EA279}.Release|x64.Build.0 = Release|Any CPU
		{9F920FED-618A-47FC-8135-AD9B230EA279}.Release|x86.ActiveCfg = Release|Any CPU
		{9F920FED-618A-47FC-8135-AD9B230EA279}.Release|x86.Build.0 = Release|Any CPU
		{238BFE3E-EEF0-492F-B48E-D8C9A53784C0}.Debug|Any CPU.ActiveCfg = Debug|Any CPU
		{238BFE3E-EEF0-492F-B48E-D8C9A53784C0}.Debug|Any CPU.Build.0 = Debug|Any CPU
		{238BFE3E-EEF0-492F-B48E-D8C9A53784C0}.Debug|x64.ActiveCfg = Debug|Any CPU
		{238BFE3E-EEF0-492F-B48E-D8C9A53784C0}.Debug|x64.Build.0 = Debug|Any CPU
		{238BFE3E-EEF0-492F-B48E-D8C9A53784C0}.Debug|x86.ActiveCfg = Debug|Any CPU
		{238BFE3E-EEF0-492F-B48E-D8C9A53784C0}.Debug|x86.Build.0 = Debug|Any CPU
		{238BFE3E-EEF0-492F-B48E-D8C9A53784C0}.Release|Any CPU.ActiveCfg = Release|Any CPU
		{238BFE3E-EEF0-492F-B48E-D8C9A53784C0}.Release|Any CPU.Build.0 = Release|Any CPU
		{238BFE3E-EEF0-492F-B48E-D8C9A53784C0}.Release|x64.ActiveCfg = Release|Any CPU
		{238BFE3E-EEF0-492F-B48E-D8C9A53784C0}.Release|x64.Build.0 = Release|Any CPU
		{238BFE3E-EEF0-492F-B48E-D8C9A53784C0}.Release|x86.ActiveCfg = Release|Any CPU
		{238BFE3E-EEF0-492F-B48E-D8C9A53784C0}.Release|x86.Build.0 = Release|Any CPU
		{C8A53CE7-40C4-409D-B6C0-DB2DF2168E52}.Debug|Any CPU.ActiveCfg = Debug|Any CPU
		{C8A53CE7-40C4-409D-B6C0-DB2DF2168E52}.Debug|Any CPU.Build.0 = Debug|Any CPU
		{C8A53CE7-40C4-409D-B6C0-DB2DF2168E52}.Debug|x64.ActiveCfg = Debug|Any CPU
		{C8A53CE7-40C4-409D-B6C0-DB2DF2168E52}.Debug|x64.Build.0 = Debug|Any CPU
		{C8A53CE7-40C4-409D-B6C0-DB2DF2168E52}.Debug|x86.ActiveCfg = Debug|Any CPU
		{C8A53CE7-40C4-409D-B6C0-DB2DF2168E52}.Debug|x86.Build.0 = Debug|Any CPU
		{C8A53CE7-40C4-409D-B6C0-DB2DF2168E52}.Release|Any CPU.ActiveCfg = Release|Any CPU
		{C8A53CE7-40C4-409D-B6C0-DB2DF2168E52}.Release|Any CPU.Build.0 = Release|Any CPU
		{C8A53CE7-40C4-409D-B6C0-DB2DF2168E52}.Release|x64.ActiveCfg = Release|Any CPU
		{C8A53CE7-40C4-409D-B6C0-DB2DF2168E52}.Release|x64.Build.0 = Release|Any CPU
		{C8A53CE7-40C4-409D-B6C0-DB2DF2168E52}.Release|x86.ActiveCfg = Release|Any CPU
		{C8A53CE7-40C4-409D-B6C0-DB2DF2168E52}.Release|x86.Build.0 = Release|Any CPU
		{D9A83A8A-583D-4B0D-AB2C-9B37F71B8243}.Debug|Any CPU.ActiveCfg = Debug|Any CPU
		{D9A83A8A-583D-4B0D-AB2C-9B37F71B8243}.Debug|Any CPU.Build.0 = Debug|Any CPU
		{D9A83A8A-583D-4B0D-AB2C-9B37F71B8243}.Debug|x64.ActiveCfg = Debug|Any CPU
		{D9A83A8A-583D-4B0D-AB2C-9B37F71B8243}.Debug|x64.Build.0 = Debug|Any CPU
		{D9A83A8A-583D-4B0D-AB2C-9B37F71B8243}.Debug|x86.ActiveCfg = Debug|Any CPU
		{D9A83A8A-583D-4B0D-AB2C-9B37F71B8243}.Debug|x86.Build.0 = Debug|Any CPU
		{D9A83A8A-583D-4B0D-AB2C-9B37F71B8243}.Release|Any CPU.ActiveCfg = Release|Any CPU
		{D9A83A8A-583D-4B0D-AB2C-9B37F71B8243}.Release|Any CPU.Build.0 = Release|Any CPU
		{D9A83A8A-583D-4B0D-AB2C-9B37F71B8243}.Release|x64.ActiveCfg = Release|Any CPU
		{D9A83A8A-583D-4B0D-AB2C-9B37F71B8243}.Release|x64.Build.0 = Release|Any CPU
		{D9A83A8A-583D-4B0D-AB2C-9B37F71B8243}.Release|x86.ActiveCfg = Release|Any CPU
		{D9A83A8A-583D-4B0D-AB2C-9B37F71B8243}.Release|x86.Build.0 = Release|Any CPU
		{A00FF84E-D1F3-4524-8899-27AD3AE3E275}.Debug|Any CPU.ActiveCfg = Debug|Any CPU
		{A00FF84E-D1F3-4524-8899-27AD3AE3E275}.Debug|Any CPU.Build.0 = Debug|Any CPU
		{A00FF84E-D1F3-4524-8899-27AD3AE3E275}.Debug|x64.ActiveCfg = Debug|Any CPU
		{A00FF84E-D1F3-4524-8899-27AD3AE3E275}.Debug|x64.Build.0 = Debug|Any CPU
		{A00FF84E-D1F3-4524-8899-27AD3AE3E275}.Debug|x86.ActiveCfg = Debug|Any CPU
		{A00FF84E-D1F3-4524-8899-27AD3AE3E275}.Debug|x86.Build.0 = Debug|Any CPU
		{A00FF84E-D1F3-4524-8899-27AD3AE3E275}.Release|Any CPU.ActiveCfg = Release|Any CPU
		{A00FF84E-D1F3-4524-8899-27AD3AE3E275}.Release|Any CPU.Build.0 = Release|Any CPU
		{A00FF84E-D1F3-4524-8899-27AD3AE3E275}.Release|x64.ActiveCfg = Release|Any CPU
		{A00FF84E-D1F3-4524-8899-27AD3AE3E275}.Release|x64.Build.0 = Release|Any CPU
		{A00FF84E-D1F3-4524-8899-27AD3AE3E275}.Release|x86.ActiveCfg = Release|Any CPU
		{A00FF84E-D1F3-4524-8899-27AD3AE3E275}.Release|x86.Build.0 = Release|Any CPU
		{7B35B9B2-29EE-428B-8CE3-60FD5936D00E}.Debug|Any CPU.ActiveCfg = Debug|Any CPU
		{7B35B9B2-29EE-428B-8CE3-60FD5936D00E}.Debug|Any CPU.Build.0 = Debug|Any CPU
		{7B35B9B2-29EE-428B-8CE3-60FD5936D00E}.Debug|x64.ActiveCfg = Debug|Any CPU
		{7B35B9B2-29EE-428B-8CE3-60FD5936D00E}.Debug|x64.Build.0 = Debug|Any CPU
		{7B35B9B2-29EE-428B-8CE3-60FD5936D00E}.Debug|x86.ActiveCfg = Debug|Any CPU
		{7B35B9B2-29EE-428B-8CE3-60FD5936D00E}.Debug|x86.Build.0 = Debug|Any CPU
		{7B35B9B2-29EE-428B-8CE3-60FD5936D00E}.Release|Any CPU.ActiveCfg = Release|Any CPU
		{7B35B9B2-29EE-428B-8CE3-60FD5936D00E}.Release|Any CPU.Build.0 = Release|Any CPU
		{7B35B9B2-29EE-428B-8CE3-60FD5936D00E}.Release|x64.ActiveCfg = Release|Any CPU
		{7B35B9B2-29EE-428B-8CE3-60FD5936D00E}.Release|x64.Build.0 = Release|Any CPU
		{7B35B9B2-29EE-428B-8CE3-60FD5936D00E}.Release|x86.ActiveCfg = Release|Any CPU
		{7B35B9B2-29EE-428B-8CE3-60FD5936D00E}.Release|x86.Build.0 = Release|Any CPU
		{9EC7D627-884B-469F-89F2-912176A96629}.Debug|Any CPU.ActiveCfg = Debug|Any CPU
		{9EC7D627-884B-469F-89F2-912176A96629}.Debug|Any CPU.Build.0 = Debug|Any CPU
		{9EC7D627-884B-469F-89F2-912176A96629}.Debug|x64.ActiveCfg = Debug|Any CPU
		{9EC7D627-884B-469F-89F2-912176A96629}.Debug|x64.Build.0 = Debug|Any CPU
		{9EC7D627-884B-469F-89F2-912176A96629}.Debug|x86.ActiveCfg = Debug|Any CPU
		{9EC7D627-884B-469F-89F2-912176A96629}.Debug|x86.Build.0 = Debug|Any CPU
		{9EC7D627-884B-469F-89F2-912176A96629}.Release|Any CPU.ActiveCfg = Release|Any CPU
		{9EC7D627-884B-469F-89F2-912176A96629}.Release|Any CPU.Build.0 = Release|Any CPU
		{9EC7D627-884B-469F-89F2-912176A96629}.Release|x64.ActiveCfg = Release|Any CPU
		{9EC7D627-884B-469F-89F2-912176A96629}.Release|x64.Build.0 = Release|Any CPU
		{9EC7D627-884B-469F-89F2-912176A96629}.Release|x86.ActiveCfg = Release|Any CPU
		{9EC7D627-884B-469F-89F2-912176A96629}.Release|x86.Build.0 = Release|Any CPU
	EndGlobalSection
	GlobalSection(SolutionProperties) = preSolution
		HideSolutionNode = FALSE
	EndGlobalSection
	GlobalSection(NestedProjects) = preSolution
		{B0DCE3BD-FFFA-4C3E-A9B5-B0F6C6D89FE1} = {A5381B1E-7D4F-4A82-8A39-18D802E38BE9}
		{C8D9D4F3-B55C-4A42-A06E-B4B4E2D5C786} = {B0DCE3BD-FFFA-4C3E-A9B5-B0F6C6D89FE1}
		{1234A1B1-C1D1-4A42-A06E-B4B4E2D5C111} = {02EA681E-C7D8-13C7-8484-4AC65E1B71E8}
		{1234A1B2-C1D1-4A42-A06E-B4B4E2D5C222} = {E4C4D1B0-E10F-46F9-B9D5-95E957A89EE7}
		{1234A1B3-C1D1-4A42-A06E-B4B4E2D5C333} = {E4C4D1B0-E10F-46F9-B9D5-95E957A89EE7}
		{1234A1B4-C1D1-4A42-A06E-B4B4E2D5C444} = {263B24B2-06C3-4308-9CA0-E93C9B3EA33D}
		{285E936A-EF9C-D8EC-0E39-04B5D2ADD723} = {A5381B1E-7D4F-4A82-8A39-18D802E38BE9}
		{02EA681E-C7D8-13C7-8484-4AC65E1B71E8} = {C8D9D4F3-B55C-4A42-A06E-B4B4E2D5C786}
		{E4C4D1B0-E10F-46F9-B9D5-95E957A89EE7} = {C8D9D4F3-B55C-4A42-A06E-B4B4E2D5C786}
		{263B24B2-06C3-4308-9CA0-E93C9B3EA33D} = {C8D9D4F3-B55C-4A42-A06E-B4B4E2D5C786}
		{D5870D75-E29C-4CC5-A358-94471E70DE33} = {285E936A-EF9C-D8EC-0E39-04B5D2ADD723}
		{ADA11A31-5049-499C-BE76-B149493010B4} = {285E936A-EF9C-D8EC-0E39-04B5D2ADD723}
		{9F920FED-618A-47FC-8135-AD9B230EA279} = {285E936A-EF9C-D8EC-0E39-04B5D2ADD723}
		{238BFE3E-EEF0-492F-B48E-D8C9A53784C0} = {A5381B1E-7D4F-4A82-8A39-18D802E38BE9}
		{C8A53CE7-40C4-409D-B6C0-DB2DF2168E52} = {285E936A-EF9C-D8EC-0E39-04B5D2ADD723}
		{34024C75-2D5E-3988-2ECD-2390CC7DD801} = {B0DCE3BD-FFFA-4C3E-A9B5-B0F6C6D89FE1}
		{60CAC848-B26A-2918-4213-424701CF9C10} = {34024C75-2D5E-3988-2ECD-2390CC7DD801}
		{D9A83A8A-583D-4B0D-AB2C-9B37F71B8243} = {60CAC848-B26A-2918-4213-424701CF9C10}
		{A00FF84E-D1F3-4524-8899-27AD3AE3E275} = {60CAC848-B26A-2918-4213-424701CF9C10}
		{7B35B9B2-29EE-428B-8CE3-60FD5936D00E} = {60CAC848-B26A-2918-4213-424701CF9C10}
		{9EC7D627-884B-469F-89F2-912176A96629} = {60CAC848-B26A-2918-4213-424701CF9C10}
	EndGlobalSection
	GlobalSection(ExtensibilityGlobals) = postSolution
		SolutionGuid = {E4DC1A4A-4AF5-42BE-9F91-A3C251A198E7}
	EndGlobalSection
EndGlobal
